// !$*UTF8*$!
{
	archiveVersion = 1;
	classes = {
	};
	objectVersion = 56;
	objects = {

/* Begin PBXBuildFile section */
		042DAAA02AD14D6100536D68 /* MainTabVC.swift in Sources */ = {isa = PBXBuildFile; fileRef = 042DAA9F2AD14D6100536D68 /* MainTabVC.swift */; };
		042DAAA32AD1FA2100536D68 /* FeedController.swift in Sources */ = {isa = PBXBuildFile; fileRef = 042DAAA22AD1FA2100536D68 /* FeedController.swift */; };
		042DAAA92AD2D95100536D68 /* UserProfileController.swift in Sources */ = {isa = PBXBuildFile; fileRef = 042DAAA82AD2D95100536D68 /* UserProfileController.swift */; };
		042DAAAB2AD2DA9C00536D68 /* UserProfileHeader.swift in Sources */ = {isa = PBXBuildFile; fileRef = 042DAAAA2AD2DA9C00536D68 /* UserProfileHeader.swift */; };
		047047B62AD34AAC005609DD /* UserModel.swift in Sources */ = {isa = PBXBuildFile; fileRef = 047047B52AD34AAC005609DD /* UserModel.swift */; };
		047E283A2AD7498900A39575 /* Extension.swift in Sources */ = {isa = PBXBuildFile; fileRef = 047E28392AD7498900A39575 /* Extension.swift */; };
		047E283D2ADA32CE00A39575 /* MessagesVC.swift in Sources */ = {isa = PBXBuildFile; fileRef = 047E283C2ADA32CE00A39575 /* MessagesVC.swift */; };
		047E283F2ADA342500A39575 /* MessagesCell.swift in Sources */ = {isa = PBXBuildFile; fileRef = 047E283E2ADA342500A39575 /* MessagesCell.swift */; };
		04C5B3E22AD4C272005274A8 /* Firebase.swift in Sources */ = {isa = PBXBuildFile; fileRef = 04C5B3E12AD4C272005274A8 /* Firebase.swift */; };
		04E2F1602ABFC53B001D02A5 /* AppDelegate.swift in Sources */ = {isa = PBXBuildFile; fileRef = 04E2F15F2ABFC53B001D02A5 /* AppDelegate.swift */; };
		04E2F1622ABFC53B001D02A5 /* SceneDelegate.swift in Sources */ = {isa = PBXBuildFile; fileRef = 04E2F1612ABFC53B001D02A5 /* SceneDelegate.swift */; };
		04E2F1672ABFC53B001D02A5 /* Main.storyboard in Resources */ = {isa = PBXBuildFile; fileRef = 04E2F1652ABFC53B001D02A5 /* Main.storyboard */; };
		04E2F1692ABFC53C001D02A5 /* Assets.xcassets in Resources */ = {isa = PBXBuildFile; fileRef = 04E2F1682ABFC53C001D02A5 /* Assets.xcassets */; };
		04E2F16C2ABFC53C001D02A5 /* LaunchScreen.storyboard in Resources */ = {isa = PBXBuildFile; fileRef = 04E2F16A2ABFC53C001D02A5 /* LaunchScreen.storyboard */; };
		04E2F1752ABFC667001D02A5 /* LoginController.swift in Sources */ = {isa = PBXBuildFile; fileRef = 04E2F1742ABFC667001D02A5 /* LoginController.swift */; };
		04E2F1782ABFD1C9001D02A5 /* Utils.swift in Sources */ = {isa = PBXBuildFile; fileRef = 04E2F1772ABFD1C9001D02A5 /* Utils.swift */; };
		04E2F17A2ABFFDFD001D02A5 /* SignUpController.swift in Sources */ = {isa = PBXBuildFile; fileRef = 04E2F1792ABFFDFD001D02A5 /* SignUpController.swift */; };
		04E2F17C2AC21FAD001D02A5 /* CustomTextField.swift in Sources */ = {isa = PBXBuildFile; fileRef = 04E2F17B2AC21FAD001D02A5 /* CustomTextField.swift */; };
		04E2F1802AC3B566001D02A5 /* GoogleService-Info.plist in Resources */ = {isa = PBXBuildFile; fileRef = 04E2F17F2AC3B566001D02A5 /* GoogleService-Info.plist */; };
		D6C9B7A4F192561220D67553 /* Pods_InChat.framework in Frameworks */ = {isa = PBXBuildFile; fileRef = 1821603CCF637CC567F3FD37 /* Pods_InChat.framework */; };
/* End PBXBuildFile section */

/* Begin PBXFileReference section */
		042DAA9F2AD14D6100536D68 /* MainTabVC.swift */ = {isa = PBXFileReference; lastKnownFileType = sourcecode.swift; path = MainTabVC.swift; sourceTree = "<group>"; };
		042DAAA22AD1FA2100536D68 /* FeedController.swift */ = {isa = PBXFileReference; lastKnownFileType = sourcecode.swift; path = FeedController.swift; sourceTree = "<group>"; };
		042DAAA82AD2D95100536D68 /* UserProfileController.swift */ = {isa = PBXFileReference; lastKnownFileType = sourcecode.swift; path = UserProfileController.swift; sourceTree = "<group>"; };
		042DAAAA2AD2DA9C00536D68 /* UserProfileHeader.swift */ = {isa = PBXFileReference; lastKnownFileType = sourcecode.swift; path = UserProfileHeader.swift; sourceTree = "<group>"; };
		047047B52AD34AAC005609DD /* UserModel.swift */ = {isa = PBXFileReference; lastKnownFileType = sourcecode.swift; path = UserModel.swift; sourceTree = "<group>"; };
		047E28392AD7498900A39575 /* Extension.swift */ = {isa = PBXFileReference; lastKnownFileType = sourcecode.swift; path = Extension.swift; sourceTree = "<group>"; };
		047E283C2ADA32CE00A39575 /* MessagesVC.swift */ = {isa = PBXFileReference; lastKnownFileType = sourcecode.swift; path = MessagesVC.swift; sourceTree = "<group>"; };
		047E283E2ADA342500A39575 /* MessagesCell.swift */ = {isa = PBXFileReference; lastKnownFileType = sourcecode.swift; path = MessagesCell.swift; sourceTree = "<group>"; };
		04C5B3E12AD4C272005274A8 /* Firebase.swift */ = {isa = PBXFileReference; lastKnownFileType = sourcecode.swift; path = Firebase.swift; sourceTree = "<group>"; };
		04E2F15C2ABFC53B001D02A5 /* InChat.app */ = {isa = PBXFileReference; explicitFileType = wrapper.application; includeInIndex = 0; path = InChat.app; sourceTree = BUILT_PRODUCTS_DIR; };
		04E2F15F2ABFC53B001D02A5 /* AppDelegate.swift */ = {isa = PBXFileReference; lastKnownFileType = sourcecode.swift; path = AppDelegate.swift; sourceTree = "<group>"; };
		04E2F1612ABFC53B001D02A5 /* SceneDelegate.swift */ = {isa = PBXFileReference; lastKnownFileType = sourcecode.swift; path = SceneDelegate.swift; sourceTree = "<group>"; };
		04E2F1662ABFC53B001D02A5 /* Base */ = {isa = PBXFileReference; lastKnownFileType = file.storyboard; name = Base; path = Base.lproj/Main.storyboard; sourceTree = "<group>"; };
		04E2F1682ABFC53C001D02A5 /* Assets.xcassets */ = {isa = PBXFileReference; lastKnownFileType = folder.assetcatalog; path = Assets.xcassets; sourceTree = "<group>"; };
		04E2F16B2ABFC53C001D02A5 /* Base */ = {isa = PBXFileReference; lastKnownFileType = file.storyboard; name = Base; path = Base.lproj/LaunchScreen.storyboard; sourceTree = "<group>"; };
		04E2F16D2ABFC53C001D02A5 /* Info.plist */ = {isa = PBXFileReference; lastKnownFileType = text.plist.xml; path = Info.plist; sourceTree = "<group>"; };
		04E2F1742ABFC667001D02A5 /* LoginController.swift */ = {isa = PBXFileReference; lastKnownFileType = sourcecode.swift; path = LoginController.swift; sourceTree = "<group>"; };
		04E2F1772ABFD1C9001D02A5 /* Utils.swift */ = {isa = PBXFileReference; lastKnownFileType = sourcecode.swift; path = Utils.swift; sourceTree = "<group>"; };
		04E2F1792ABFFDFD001D02A5 /* SignUpController.swift */ = {isa = PBXFileReference; lastKnownFileType = sourcecode.swift; path = SignUpController.swift; sourceTree = "<group>"; };
		04E2F17B2AC21FAD001D02A5 /* CustomTextField.swift */ = {isa = PBXFileReference; lastKnownFileType = sourcecode.swift; path = CustomTextField.swift; sourceTree = "<group>"; };
		04E2F17F2AC3B566001D02A5 /* GoogleService-Info.plist */ = {isa = PBXFileReference; fileEncoding = 4; lastKnownFileType = text.plist.xml; path = "GoogleService-Info.plist"; sourceTree = "<group>"; };
		1821603CCF637CC567F3FD37 /* Pods_InChat.framework */ = {isa = PBXFileReference; explicitFileType = wrapper.framework; includeInIndex = 0; path = Pods_InChat.framework; sourceTree = BUILT_PRODUCTS_DIR; };
		34705161368F50E27B0ECF5B /* Pods-InChat.release.xcconfig */ = {isa = PBXFileReference; includeInIndex = 1; lastKnownFileType = text.xcconfig; name = "Pods-InChat.release.xcconfig"; path = "Target Support Files/Pods-InChat/Pods-InChat.release.xcconfig"; sourceTree = "<group>"; };
		3F4CD462B3B125BFDB4C3A2C /* Pods-InChat.debug.xcconfig */ = {isa = PBXFileReference; includeInIndex = 1; lastKnownFileType = text.xcconfig; name = "Pods-InChat.debug.xcconfig"; path = "Target Support Files/Pods-InChat/Pods-InChat.debug.xcconfig"; sourceTree = "<group>"; };
/* End PBXFileReference section */

/* Begin PBXFrameworksBuildPhase section */
		04E2F1592ABFC53B001D02A5 /* Frameworks */ = {
			isa = PBXFrameworksBuildPhase;
			buildActionMask = 2147483647;
			files = (
				D6C9B7A4F192561220D67553 /* Pods_InChat.framework in Frameworks */,
			);
			runOnlyForDeploymentPostprocessing = 0;
		};
/* End PBXFrameworksBuildPhase section */

/* Begin PBXGroup section */
		042DAAA12AD1F9E100536D68 /* Controllers */ = {
			isa = PBXGroup;
			children = (
				047E283B2ADA329100A39575 /* Messages */,
				042DAAA22AD1FA2100536D68 /* FeedController.swift */,
				042DAAA82AD2D95100536D68 /* UserProfileController.swift */,
				042DAAAA2AD2DA9C00536D68 /* UserProfileHeader.swift */,
			);
			path = Controllers;
			sourceTree = "<group>";
		};
		047047B42AD34A74005609DD /* Model */ = {
			isa = PBXGroup;
			children = (
				047047B52AD34AAC005609DD /* UserModel.swift */,
			);
			path = Model;
			sourceTree = "<group>";
		};
		047E283B2ADA329100A39575 /* Messages */ = {
			isa = PBXGroup;
			children = (
				047E283C2ADA32CE00A39575 /* MessagesVC.swift */,
				047E283E2ADA342500A39575 /* MessagesCell.swift */,
			);
			path = Messages;
			sourceTree = "<group>";
		};
		04E2F1532ABFC53B001D02A5 = {
			isa = PBXGroup;
			children = (
				04E2F15E2ABFC53B001D02A5 /* InChat */,
				04E2F15D2ABFC53B001D02A5 /* Products */,
				0B6185E4614C7DF033716DD7 /* Pods */,
				B54F65BD525D04337AD90048 /* Frameworks */,
			);
			sourceTree = "<group>";
		};
		04E2F15D2ABFC53B001D02A5 /* Products */ = {
			isa = PBXGroup;
			children = (
				04E2F15C2ABFC53B001D02A5 /* InChat.app */,
			);
			name = Products;
			sourceTree = "<group>";
		};
		04E2F15E2ABFC53B001D02A5 /* InChat */ = {
			isa = PBXGroup;
			children = (
				047047B42AD34A74005609DD /* Model */,
				04E2F1762ABFD1A6001D02A5 /* Utils */,
				04E2F1732ABFC614001D02A5 /* Login */,
				04E2F15F2ABFC53B001D02A5 /* AppDelegate.swift */,
				04E2F1612ABFC53B001D02A5 /* SceneDelegate.swift */,
				04E2F1652ABFC53B001D02A5 /* Main.storyboard */,
				04E2F1682ABFC53C001D02A5 /* Assets.xcassets */,
				04E2F16A2ABFC53C001D02A5 /* LaunchScreen.storyboard */,
				04E2F16D2ABFC53C001D02A5 /* Info.plist */,
				04E2F17F2AC3B566001D02A5 /* GoogleService-Info.plist */,
			);
			path = InChat;
			sourceTree = "<group>";
		};
		04E2F1732ABFC614001D02A5 /* Login */ = {
			isa = PBXGroup;
			children = (
				042DAAA12AD1F9E100536D68 /* Controllers */,
				04E2F1742ABFC667001D02A5 /* LoginController.swift */,
				04E2F1792ABFFDFD001D02A5 /* SignUpController.swift */,
				042DAA9F2AD14D6100536D68 /* MainTabVC.swift */,
			);
			path = Login;
			sourceTree = "<group>";
		};
		04E2F1762ABFD1A6001D02A5 /* Utils */ = {
			isa = PBXGroup;
			children = (
				04E2F1772ABFD1C9001D02A5 /* Utils.swift */,
				04E2F17B2AC21FAD001D02A5 /* CustomTextField.swift */,
				04C5B3E12AD4C272005274A8 /* Firebase.swift */,
				047E28392AD7498900A39575 /* Extension.swift */,
			);
			path = Utils;
			sourceTree = "<group>";
		};
		0B6185E4614C7DF033716DD7 /* Pods */ = {
			isa = PBXGroup;
			children = (
				3F4CD462B3B125BFDB4C3A2C /* Pods-InChat.debug.xcconfig */,
				34705161368F50E27B0ECF5B /* Pods-InChat.release.xcconfig */,
			);
			path = Pods;
			sourceTree = "<group>";
		};
		B54F65BD525D04337AD90048 /* Frameworks */ = {
			isa = PBXGroup;
			children = (
				1821603CCF637CC567F3FD37 /* Pods_InChat.framework */,
			);
			name = Frameworks;
			sourceTree = "<group>";
		};
/* End PBXGroup section */

/* Begin PBXNativeTarget section */
		04E2F15B2ABFC53B001D02A5 /* InChat */ = {
			isa = PBXNativeTarget;
			buildConfigurationList = 04E2F1702ABFC53C001D02A5 /* Build configuration list for PBXNativeTarget "InChat" */;
			buildPhases = (
				918DBA6487FD30EEEB65886A /* [CP] Check Pods Manifest.lock */,
				04E2F1582ABFC53B001D02A5 /* Sources */,
				04E2F1592ABFC53B001D02A5 /* Frameworks */,
				04E2F15A2ABFC53B001D02A5 /* Resources */,
				3A485F833C5704F69A04079B /* [CP] Embed Pods Frameworks */,
			);
			buildRules = (
			);
			dependencies = (
			);
			name = InChat;
			productName = inst;
			productReference = 04E2F15C2ABFC53B001D02A5 /* InChat.app */;
			productType = "com.apple.product-type.application";
		};
/* End PBXNativeTarget section */

/* Begin PBXProject section */
		04E2F1542ABFC53B001D02A5 /* Project object */ = {
			isa = PBXProject;
			attributes = {
				BuildIndependentTargetsInParallel = 1;
				LastSwiftUpdateCheck = 1420;
				LastUpgradeCheck = 1420;
				TargetAttributes = {
					04E2F15B2ABFC53B001D02A5 = {
						CreatedOnToolsVersion = 14.2;
					};
				};
			};
			buildConfigurationList = 04E2F1572ABFC53B001D02A5 /* Build configuration list for PBXProject "InChat" */;
			compatibilityVersion = "Xcode 14.0";
			developmentRegion = en;
			hasScannedForEncodings = 0;
			knownRegions = (
				en,
				Base,
			);
			mainGroup = 04E2F1532ABFC53B001D02A5;
			productRefGroup = 04E2F15D2ABFC53B001D02A5 /* Products */;
			projectDirPath = "";
			projectRoot = "";
			targets = (
				04E2F15B2ABFC53B001D02A5 /* InChat */,
			);
		};
/* End PBXProject section */

/* Begin PBXResourcesBuildPhase section */
		04E2F15A2ABFC53B001D02A5 /* Resources */ = {
			isa = PBXResourcesBuildPhase;
			buildActionMask = 2147483647;
			files = (
				04E2F16C2ABFC53C001D02A5 /* LaunchScreen.storyboard in Resources */,
				04E2F1692ABFC53C001D02A5 /* Assets.xcassets in Resources */,
				04E2F1802AC3B566001D02A5 /* GoogleService-Info.plist in Resources */,
				04E2F1672ABFC53B001D02A5 /* Main.storyboard in Resources */,
			);
			runOnlyForDeploymentPostprocessing = 0;
		};
/* End PBXResourcesBuildPhase section */

/* Begin PBXShellScriptBuildPhase section */
		3A485F833C5704F69A04079B /* [CP] Embed Pods Frameworks */ = {
			isa = PBXShellScriptBuildPhase;
			buildActionMask = 2147483647;
			files = (
			);
			inputFileListPaths = (
				"${PODS_ROOT}/Target Support Files/Pods-InChat/Pods-InChat-frameworks-${CONFIGURATION}-input-files.xcfilelist",
			);
			name = "[CP] Embed Pods Frameworks";
			outputFileListPaths = (
				"${PODS_ROOT}/Target Support Files/Pods-InChat/Pods-InChat-frameworks-${CONFIGURATION}-output-files.xcfilelist",
			);
			runOnlyForDeploymentPostprocessing = 0;
			shellPath = /bin/sh;
			shellScript = "\"${PODS_ROOT}/Target Support Files/Pods-InChat/Pods-InChat-frameworks.sh\"\n";
			showEnvVarsInLog = 0;
		};
		918DBA6487FD30EEEB65886A /* [CP] Check Pods Manifest.lock */ = {
			isa = PBXShellScriptBuildPhase;
			buildActionMask = 2147483647;
			files = (
			);
			inputFileListPaths = (
			);
			inputPaths = (
				"${PODS_PODFILE_DIR_PATH}/Podfile.lock",
				"${PODS_ROOT}/Manifest.lock",
			);
			name = "[CP] Check Pods Manifest.lock";
			outputFileListPaths = (
			);
			outputPaths = (
				"$(DERIVED_FILE_DIR)/Pods-InChat-checkManifestLockResult.txt",
			);
			runOnlyForDeploymentPostprocessing = 0;
			shellPath = /bin/sh;
			shellScript = "diff \"${PODS_PODFILE_DIR_PATH}/Podfile.lock\" \"${PODS_ROOT}/Manifest.lock\" > /dev/null\nif [ $? != 0 ] ; then\n    # print error to STDERR\n    echo \"error: The sandbox is not in sync with the Podfile.lock. Run 'pod install' or update your CocoaPods installation.\" >&2\n    exit 1\nfi\n# This output is used by Xcode 'outputs' to avoid re-running this script phase.\necho \"SUCCESS\" > \"${SCRIPT_OUTPUT_FILE_0}\"\n";
			showEnvVarsInLog = 0;
		};
/* End PBXShellScriptBuildPhase section */

/* Begin PBXSourcesBuildPhase section */
		04E2F1582ABFC53B001D02A5 /* Sources */ = {
			isa = PBXSourcesBuildPhase;
			buildActionMask = 2147483647;
			files = (
				04E2F17A2ABFFDFD001D02A5 /* SignUpController.swift in Sources */,
				04E2F1752ABFC667001D02A5 /* LoginController.swift in Sources */,
				04E2F17C2AC21FAD001D02A5 /* CustomTextField.swift in Sources */,
				04E2F1602ABFC53B001D02A5 /* AppDelegate.swift in Sources */,
				047E283F2ADA342500A39575 /* MessagesCell.swift in Sources */,
				04E2F1622ABFC53B001D02A5 /* SceneDelegate.swift in Sources */,
				042DAAA02AD14D6100536D68 /* MainTabVC.swift in Sources */,
				047E283D2ADA32CE00A39575 /* MessagesVC.swift in Sources */,
				047E283A2AD7498900A39575 /* Extension.swift in Sources */,
				04C5B3E22AD4C272005274A8 /* Firebase.swift in Sources */,
				04E2F1782ABFD1C9001D02A5 /* Utils.swift in Sources */,
				042DAAAB2AD2DA9C00536D68 /* UserProfileHeader.swift in Sources */,
				047047B62AD34AAC005609DD /* UserModel.swift in Sources */,
				042DAAA92AD2D95100536D68 /* UserProfileController.swift in Sources */,
				042DAAA32AD1FA2100536D68 /* FeedController.swift in Sources */,
			);
			runOnlyForDeploymentPostprocessing = 0;
		};
/* End PBXSourcesBuildPhase section */

/* Begin PBXVariantGroup section */
		04E2F1652ABFC53B001D02A5 /* Main.storyboard */ = {
			isa = PBXVariantGroup;
			children = (
				04E2F1662ABFC53B001D02A5 /* Base */,
			);
			name = Main.storyboard;
			sourceTree = "<group>";
		};
		04E2F16A2ABFC53C001D02A5 /* LaunchScreen.storyboard */ = {
			isa = PBXVariantGroup;
			children = (
				04E2F16B2ABFC53C001D02A5 /* Base */,
			);
			name = LaunchScreen.storyboard;
			sourceTree = "<group>";
		};
/* End PBXVariantGroup section */

/* Begin XCBuildConfiguration section */
		04E2F16E2ABFC53C001D02A5 /* Debug */ = {
			isa = XCBuildConfiguration;
			buildSettings = {
				ALWAYS_SEARCH_USER_PATHS = NO;
				CLANG_ANALYZER_NONNULL = YES;
				CLANG_ANALYZER_NUMBER_OBJECT_CONVERSION = YES_AGGRESSIVE;
				CLANG_CXX_LANGUAGE_STANDARD = "gnu++20";
				CLANG_ENABLE_MODULES = YES;
				CLANG_ENABLE_OBJC_ARC = YES;
				CLANG_ENABLE_OBJC_WEAK = YES;
				CLANG_WARN_BLOCK_CAPTURE_AUTORELEASING = YES;
				CLANG_WARN_BOOL_CONVERSION = YES;
				CLANG_WARN_COMMA = YES;
				CLANG_WARN_CONSTANT_CONVERSION = YES;
				CLANG_WARN_DEPRECATED_OBJC_IMPLEMENTATIONS = YES;
				CLANG_WARN_DIRECT_OBJC_ISA_USAGE = YES_ERROR;
				CLANG_WARN_DOCUMENTATION_COMMENTS = YES;
				CLANG_WARN_EMPTY_BODY = YES;
				CLANG_WARN_ENUM_CONVERSION = YES;
				CLANG_WARN_INFINITE_RECURSION = YES;
				CLANG_WARN_INT_CONVERSION = YES;
				CLANG_WARN_NON_LITERAL_NULL_CONVERSION = YES;
				CLANG_WARN_OBJC_IMPLICIT_RETAIN_SELF = YES;
				CLANG_WARN_OBJC_LITERAL_CONVERSION = YES;
				CLANG_WARN_OBJC_ROOT_CLASS = YES_ERROR;
				CLANG_WARN_QUOTED_INCLUDE_IN_FRAMEWORK_HEADER = YES;
				CLANG_WARN_RANGE_LOOP_ANALYSIS = YES;
				CLANG_WARN_STRICT_PROTOTYPES = YES;
				CLANG_WARN_SUSPICIOUS_MOVE = YES;
				CLANG_WARN_UNGUARDED_AVAILABILITY = YES_AGGRESSIVE;
				CLANG_WARN_UNREACHABLE_CODE = YES;
				CLANG_WARN__DUPLICATE_METHOD_MATCH = YES;
				COPY_PHASE_STRIP = NO;
				DEBUG_INFORMATION_FORMAT = dwarf;
				ENABLE_STRICT_OBJC_MSGSEND = YES;
				ENABLE_TESTABILITY = YES;
				GCC_C_LANGUAGE_STANDARD = gnu11;
				GCC_DYNAMIC_NO_PIC = NO;
				GCC_NO_COMMON_BLOCKS = YES;
				GCC_OPTIMIZATION_LEVEL = 0;
				GCC_PREPROCESSOR_DEFINITIONS = (
					"DEBUG=1",
					"$(inherited)",
				);
				GCC_WARN_64_TO_32_BIT_CONVERSION = YES;
				GCC_WARN_ABOUT_RETURN_TYPE = YES_ERROR;
				GCC_WARN_UNDECLARED_SELECTOR = YES;
				GCC_WARN_UNINITIALIZED_AUTOS = YES_AGGRESSIVE;
				GCC_WARN_UNUSED_FUNCTION = YES;
				GCC_WARN_UNUSED_VARIABLE = YES;
				INFOPLIST_FILE = InChat;
				IPHONEOS_DEPLOYMENT_TARGET = 16.2;
				MTL_ENABLE_DEBUG_INFO = INCLUDE_SOURCE;
				MTL_FAST_MATH = YES;
				ONLY_ACTIVE_ARCH = YES;
				SDKROOT = iphoneos;
				SWIFT_ACTIVE_COMPILATION_CONDITIONS = DEBUG;
				SWIFT_OPTIMIZATION_LEVEL = "-Onone";
			};
			name = Debug;
		};
		04E2F16F2ABFC53C001D02A5 /* Release */ = {
			isa = XCBuildConfiguration;
			buildSettings = {
				ALWAYS_SEARCH_USER_PATHS = NO;
				CLANG_ANALYZER_NONNULL = YES;
				CLANG_ANALYZER_NUMBER_OBJECT_CONVERSION = YES_AGGRESSIVE;
				CLANG_CXX_LANGUAGE_STANDARD = "gnu++20";
				CLANG_ENABLE_MODULES = YES;
				CLANG_ENABLE_OBJC_ARC = YES;
				CLANG_ENABLE_OBJC_WEAK = YES;
				CLANG_WARN_BLOCK_CAPTURE_AUTORELEASING = YES;
				CLANG_WARN_BOOL_CONVERSION = YES;
				CLANG_WARN_COMMA = YES;
				CLANG_WARN_CONSTANT_CONVERSION = YES;
				CLANG_WARN_DEPRECATED_OBJC_IMPLEMENTATIONS = YES;
				CLANG_WARN_DIRECT_OBJC_ISA_USAGE = YES_ERROR;
				CLANG_WARN_DOCUMENTATION_COMMENTS = YES;
				CLANG_WARN_EMPTY_BODY = YES;
				CLANG_WARN_ENUM_CONVERSION = YES;
				CLANG_WARN_INFINITE_RECURSION = YES;
				CLANG_WARN_INT_CONVERSION = YES;
				CLANG_WARN_NON_LITERAL_NULL_CONVERSION = YES;
				CLANG_WARN_OBJC_IMPLICIT_RETAIN_SELF = YES;
				CLANG_WARN_OBJC_LITERAL_CONVERSION = YES;
				CLANG_WARN_OBJC_ROOT_CLASS = YES_ERROR;
				CLANG_WARN_QUOTED_INCLUDE_IN_FRAMEWORK_HEADER = YES;
				CLANG_WARN_RANGE_LOOP_ANALYSIS = YES;
				CLANG_WARN_STRICT_PROTOTYPES = YES;
				CLANG_WARN_SUSPICIOUS_MOVE = YES;
				CLANG_WARN_UNGUARDED_AVAILABILITY = YES_AGGRESSIVE;
				CLANG_WARN_UNREACHABLE_CODE = YES;
				CLANG_WARN__DUPLICATE_METHOD_MATCH = YES;
				COPY_PHASE_STRIP = NO;
				DEBUG_INFORMATION_FORMAT = "dwarf-with-dsym";
				ENABLE_NS_ASSERTIONS = NO;
				ENABLE_STRICT_OBJC_MSGSEND = YES;
				GCC_C_LANGUAGE_STANDARD = gnu11;
				GCC_NO_COMMON_BLOCKS = YES;
				GCC_WARN_64_TO_32_BIT_CONVERSION = YES;
				GCC_WARN_ABOUT_RETURN_TYPE = YES_ERROR;
				GCC_WARN_UNDECLARED_SELECTOR = YES;
				GCC_WARN_UNINITIALIZED_AUTOS = YES_AGGRESSIVE;
				GCC_WARN_UNUSED_FUNCTION = YES;
				GCC_WARN_UNUSED_VARIABLE = YES;
				INFOPLIST_FILE = InChat;
				IPHONEOS_DEPLOYMENT_TARGET = 16.2;
				MTL_ENABLE_DEBUG_INFO = NO;
				MTL_FAST_MATH = YES;
				SDKROOT = iphoneos;
				SWIFT_COMPILATION_MODE = wholemodule;
				SWIFT_OPTIMIZATION_LEVEL = "-O";
				VALIDATE_PRODUCT = YES;
			};
			name = Release;
		};
		04E2F1712ABFC53C001D02A5 /* Debug */ = {
			isa = XCBuildConfiguration;
			baseConfigurationReference = 3F4CD462B3B125BFDB4C3A2C /* Pods-InChat.debug.xcconfig */;
			buildSettings = {
				ASSETCATALOG_COMPILER_APPICON_NAME = AppIcon;
				ASSETCATALOG_COMPILER_GLOBAL_ACCENT_COLOR_NAME = AccentColor;
				CODE_SIGN_STYLE = Automatic;
				CURRENT_PROJECT_VERSION = 1;
				DEVELOPMENT_TEAM = YK82Q662G5;
				GENERATE_INFOPLIST_FILE = YES;
				INFOPLIST_FILE = InChat/Info.plist;
				INFOPLIST_KEY_CFBundleDisplayName = InChat;
				INFOPLIST_KEY_UIApplicationSupportsIndirectInputEvents = YES;
				INFOPLIST_KEY_UILaunchStoryboardName = LaunchScreen;
				INFOPLIST_KEY_UIMainStoryboardFile = Main;
				INFOPLIST_KEY_UISupportedInterfaceOrientations_iPad = "UIInterfaceOrientationPortrait UIInterfaceOrientationPortraitUpsideDown UIInterfaceOrientationLandscapeLeft UIInterfaceOrientationLandscapeRight";
				INFOPLIST_KEY_UISupportedInterfaceOrientations_iPhone = "UIInterfaceOrientationPortrait UIInterfaceOrientationLandscapeLeft UIInterfaceOrientationLandscapeRight";
				IPHONEOS_DEPLOYMENT_TARGET = 14.0;
				LD_RUNPATH_SEARCH_PATHS = (
					"$(inherited)",
					"@executable_path/Frameworks",
				);
				MARKETING_VERSION = 1.0;
				PRODUCT_BUNDLE_IDENTIFIER = YuriyValenteev.InChat;
				PRODUCT_NAME = "$(TARGET_NAME)";
				SWIFT_EMIT_LOC_STRINGS = YES;
				SWIFT_VERSION = 5.0;
				TARGETED_DEVICE_FAMILY = "1,2";
			};
			name = Debug;
		};
		04E2F1722ABFC53C001D02A5 /* Release */ = {
			isa = XCBuildConfiguration;
			baseConfigurationReference = 34705161368F50E27B0ECF5B /* Pods-InChat.release.xcconfig */;
			buildSettings = {
				ASSETCATALOG_COMPILER_APPICON_NAME = AppIcon;
				ASSETCATALOG_COMPILER_GLOBAL_ACCENT_COLOR_NAME = AccentColor;
				CODE_SIGN_STYLE = Automatic;
				CURRENT_PROJECT_VERSION = 1;
				DEVELOPMENT_TEAM = YK82Q662G5;
				GENERATE_INFOPLIST_FILE = YES;
				INFOPLIST_FILE = InChat/Info.plist;
				INFOPLIST_KEY_CFBundleDisplayName = InChat;
				INFOPLIST_KEY_UIApplicationSupportsIndirectInputEvents = YES;
				INFOPLIST_KEY_UILaunchStoryboardName = LaunchScreen;
				INFOPLIST_KEY_UIMainStoryboardFile = Main;
				INFOPLIST_KEY_UISupportedInterfaceOrientations_iPad = "UIInterfaceOrientationPortrait UIInterfaceOrientationPortraitUpsideDown UIInterfaceOrientationLandscapeLeft UIInterfaceOrientationLandscapeRight";
				INFOPLIST_KEY_UISupportedInterfaceOrientations_iPhone = "UIInterfaceOrientationPortrait UIInterfaceOrientationLandscapeLeft UIInterfaceOrientationLandscapeRight";
				IPHONEOS_DEPLOYMENT_TARGET = 14.0;
				LD_RUNPATH_SEARCH_PATHS = (
					"$(inherited)",
					"@executable_path/Frameworks",
				);
				MARKETING_VERSION = 1.0;
				PRODUCT_BUNDLE_IDENTIFIER = YuriyValenteev.InChat;
				PRODUCT_NAME = "$(TARGET_NAME)";
				SWIFT_EMIT_LOC_STRINGS = YES;
				SWIFT_VERSION = 5.0;
				TARGETED_DEVICE_FAMILY = "1,2";
			};
			name = Release;
		};
/* End XCBuildConfiguration section */

/* Begin XCConfigurationList section */
		04E2F1572ABFC53B001D02A5 /* Build configuration list for PBXProject "InChat" */ = {
			isa = XCConfigurationList;
			buildConfigurations = (
				04E2F16E2ABFC53C001D02A5 /* Debug */,
				04E2F16F2ABFC53C001D02A5 /* Release */,
			);
			defaultConfigurationIsVisible = 0;
			defaultConfigurationName = Release;
		};
		04E2F1702ABFC53C001D02A5 /* Build configuration list for PBXNativeTarget "InChat" */ = {
			isa = XCConfigurationList;
			buildConfigurations = (
				04E2F1712ABFC53C001D02A5 /* Debug */,
				04E2F1722ABFC53C001D02A5 /* Release */,
			);
			defaultConfigurationIsVisible = 0;
			defaultConfigurationName = Release;
		};
/* End XCConfigurationList section */
	};
	rootObject = 04E2F1542ABFC53B001D02A5 /* Project object */;
}
